
Microsoft Visual Studio Solution File, Format Version 12.00
# Visual Studio Version 17
VisualStudioVersion = 17.3.32901.215
MinimumVisualStudioVersion = 10.0.40219.1
Project("{FAE04EC0-301F-11D3-BF4B-00C04F79EFBC}") = "WareHouseSystem", "WareHouseSystem.csproj", "{FA500CFF-3DEC-4B09-98B2-55A06357C74E}"
EndProject
Global
	GlobalSection(SolutionConfigurationPlatforms) = preSolution
		Debug|Any CPU = Debug|Any CPU
		Release|Any CPU = Release|Any CPU
	EndGlobalSection
	GlobalSection(ProjectConfigurationPlatforms) = postSolution
		{FA500CFF-3DEC-4B09-98B2-55A06357C74E}.Debug|Any CPU.ActiveCfg = Debug|Any CPU
		{FA500CFF-3DEC-4B09-98B2-55A06357C74E}.Debug|Any CPU.Build.0 = Debug|Any CPU
		{FA500CFF-3DEC-4B09-98B2-55A06357C74E}.Release|Any CPU.ActiveCfg = Release|Any CPU
		{FA500CFF-3DEC-4B09-98B2-55A06357C74E}.Release|Any CPU.Build.0 = Release|Any CPU
	EndGlobalSection
	GlobalSection(SolutionProperties) = preSolution
		HideSolutionNode = FALSE
	EndGlobalSection
	GlobalSection(ExtensibilityGlobals) = postSolution
		SolutionGuid = {0ED772F6-5B3F-467C-95FA-F0B7A0FB9150}
	EndGlobalSection
EndGlobal
